// !$*UTF8*$!
{
	archiveVersion = 1;
	classes = {
	};
	objectVersion = 46;
	objects = {

/* Begin PBXBuildFile section */
		D994C0FB1BD0A36D00F2D445 /* main.m in Sources */ = {isa = PBXBuildFile; fileRef = D994C0FA1BD0A36D00F2D445 /* main.m */; };
		D994C0FE1BD0A36D00F2D445 /* AppDelegate.m in Sources */ = {isa = PBXBuildFile; fileRef = D994C0FD1BD0A36D00F2D445 /* AppDelegate.m */; };
		D994C1041BD0A36D00F2D445 /* Main.storyboard in Resources */ = {isa = PBXBuildFile; fileRef = D994C1021BD0A36D00F2D445 /* Main.storyboard */; };
		D994C1061BD0A36D00F2D445 /* Assets.xcassets in Resources */ = {isa = PBXBuildFile; fileRef = D994C1051BD0A36D00F2D445 /* Assets.xcassets */; };
		D994C1091BD0A36D00F2D445 /* LaunchScreen.storyboard in Resources */ = {isa = PBXBuildFile; fileRef = D994C1071BD0A36D00F2D445 /* LaunchScreen.storyboard */; };
		D994C1121BD0A3FB00F2D445 /* FirstTableViewController.m in Sources */ = {isa = PBXBuildFile; fileRef = D994C1111BD0A3FB00F2D445 /* FirstTableViewController.m */; settings = {ASSET_TAGS = (); }; };
		D994C1151BD0A51900F2D445 /* booksTableViewCell.m in Sources */ = {isa = PBXBuildFile; fileRef = D994C1141BD0A51900F2D445 /* booksTableViewCell.m */; settings = {ASSET_TAGS = (); }; };
		D994C11B1BD0AADF00F2D445 /* CustomViewController.m in Sources */ = {isa = PBXBuildFile; fileRef = D994C11A1BD0AADF00F2D445 /* CustomViewController.m */; settings = {ASSET_TAGS = (); }; };
		D9DC6AED1BD5695D00AB3DB5 /* webViewController.m in Sources */ = {isa = PBXBuildFile; fileRef = D9DC6AEC1BD5695D00AB3DB5 /* webViewController.m */; settings = {ASSET_TAGS = (); }; };
/* End PBXBuildFile section */

/* Begin PBXFileReference section */
		D994C0F61BD0A36D00F2D445 /* TeamTreeBooks.app */ = {isa = PBXFileReference; explicitFileType = wrapper.application; includeInIndex = 0; path = TeamTreeBooks.app; sourceTree = BUILT_PRODUCTS_DIR; };
		D994C0FA1BD0A36D00F2D445 /* main.m */ = {isa = PBXFileReference; lastKnownFileType = sourcecode.c.objc; path = main.m; sourceTree = "<group>"; };
		D994C0FC1BD0A36D00F2D445 /* AppDelegate.h */ = {isa = PBXFileReference; lastKnownFileType = sourcecode.c.h; path = AppDelegate.h; sourceTree = "<group>"; };
		D994C0FD1BD0A36D00F2D445 /* AppDelegate.m */ = {isa = PBXFileReference; lastKnownFileType = sourcecode.c.objc; path = AppDelegate.m; sourceTree = "<group>"; };
		D994C1031BD0A36D00F2D445 /* Base */ = {isa = PBXFileReference; lastKnownFileType = file.storyboard; name = Base; path = Base.lproj/Main.storyboard; sourceTree = "<group>"; };
		D994C1051BD0A36D00F2D445 /* Assets.xcassets */ = {isa = PBXFileReference; lastKnownFileType = folder.assetcatalog; path = Assets.xcassets; sourceTree = "<group>"; };
		D994C1081BD0A36D00F2D445 /* Base */ = {isa = PBXFileReference; lastKnownFileType = file.storyboard; name = Base; path = Base.lproj/LaunchScreen.storyboard; sourceTree = "<group>"; };
		D994C10A1BD0A36D00F2D445 /* Info.plist */ = {isa = PBXFileReference; lastKnownFileType = text.plist.xml; path = Info.plist; sourceTree = "<group>"; };
		D994C1101BD0A3FB00F2D445 /* FirstTableViewController.h */ = {isa = PBXFileReference; fileEncoding = 4; lastKnownFileType = sourcecode.c.h; name = FirstTableViewController.h; path = ../FirstTableViewController.h; sourceTree = "<group>"; };
		D994C1111BD0A3FB00F2D445 /* FirstTableViewController.m */ = {isa = PBXFileReference; fileEncoding = 4; lastKnownFileType = sourcecode.c.objc; name = FirstTableViewController.m; path = ../FirstTableViewController.m; sourceTree = "<group>"; };
		D994C1131BD0A51900F2D445 /* booksTableViewCell.h */ = {isa = PBXFileReference; fileEncoding = 4; lastKnownFileType = sourcecode.c.h; path = booksTableViewCell.h; sourceTree = "<group>"; };
		D994C1141BD0A51900F2D445 /* booksTableViewCell.m */ = {isa = PBXFileReference; fileEncoding = 4; lastKnownFileType = sourcecode.c.objc; path = booksTableViewCell.m; sourceTree = "<group>"; };
		D994C1191BD0AADF00F2D445 /* CustomViewController.h */ = {isa = PBXFileReference; fileEncoding = 4; lastKnownFileType = sourcecode.c.h; path = CustomViewController.h; sourceTree = "<group>"; };
		D994C11A1BD0AADF00F2D445 /* CustomViewController.m */ = {isa = PBXFileReference; fileEncoding = 4; lastKnownFileType = sourcecode.c.objc; path = CustomViewController.m; sourceTree = "<group>"; };
		D9DC6AEB1BD5695D00AB3DB5 /* webViewController.h */ = {isa = PBXFileReference; fileEncoding = 4; lastKnownFileType = sourcecode.c.h; path = webViewController.h; sourceTree = "<group>"; };
		D9DC6AEC1BD5695D00AB3DB5 /* webViewController.m */ = {isa = PBXFileReference; fileEncoding = 4; lastKnownFileType = sourcecode.c.objc; path = webViewController.m; sourceTree = "<group>"; };
/* End PBXFileReference section */

/* Begin PBXFrameworksBuildPhase section */
		D994C0F31BD0A36D00F2D445 /* Frameworks */ = {
			isa = PBXFrameworksBuildPhase;
			buildActionMask = 2147483647;
			files = (
			);
			runOnlyForDeploymentPostprocessing = 0;
		};
/* End PBXFrameworksBuildPhase section */

/* Begin PBXGroup section */
		D994C0ED1BD0A36D00F2D445 = {
			isa = PBXGroup;
			children = (
				D994C0F81BD0A36D00F2D445 /* TeamTreeBooks */,
				D994C0F71BD0A36D00F2D445 /* Products */,
			);
			sourceTree = "<group>";
		};
		D994C0F71BD0A36D00F2D445 /* Products */ = {
			isa = PBXGroup;
			children = (
				D994C0F61BD0A36D00F2D445 /* TeamTreeBooks.app */,
			);
			name = Products;
			sourceTree = "<group>";
		};
		D994C0F81BD0A36D00F2D445 /* TeamTreeBooks */ = {
			isa = PBXGroup;
			children = (
				D994C1021BD0A36D00F2D445 /* Main.storyboard */,
				D9DC6AE81BD55B5500AB3DB5 /* FirstTableViewController */,
				D9DC6AE91BD55B7000AB3DB5 /* BooksTableViewCell */,
				D9DC6AEA1BD55B8800AB3DB5 /* CustomViewController */,
				D994C0FC1BD0A36D00F2D445 /* AppDelegate.h */,
				D994C0FD1BD0A36D00F2D445 /* AppDelegate.m */,
				D994C1051BD0A36D00F2D445 /* Assets.xcassets */,
				D994C1071BD0A36D00F2D445 /* LaunchScreen.storyboard */,
				D994C10A1BD0A36D00F2D445 /* Info.plist */,
				D994C0F91BD0A36D00F2D445 /* Supporting Files */,
			);
			path = TeamTreeBooks;
			sourceTree = "<group>";
		};
		D994C0F91BD0A36D00F2D445 /* Supporting Files */ = {
			isa = PBXGroup;
			children = (
				D994C0FA1BD0A36D00F2D445 /* main.m */,
			);
			name = "Supporting Files";
			sourceTree = "<group>";
		};
		D9DC6AE81BD55B5500AB3DB5 /* FirstTableViewController */ = {
			isa = PBXGroup;
			children = (
				D994C1101BD0A3FB00F2D445 /* FirstTableViewController.h */,
				D994C1111BD0A3FB00F2D445 /* FirstTableViewController.m */,
			);
			name = FirstTableViewController;
			sourceTree = "<group>";
		};
		D9DC6AE91BD55B7000AB3DB5 /* BooksTableViewCell */ = {
			isa = PBXGroup;
			children = (
				D994C1131BD0A51900F2D445 /* booksTableViewCell.h */,
				D994C1141BD0A51900F2D445 /* booksTableViewCell.m */,
			);
			name = BooksTableViewCell;
			sourceTree = "<group>";
		};
		D9DC6AEA1BD55B8800AB3DB5 /* CustomViewController */ = {
			isa = PBXGroup;
			children = (
				D994C1191BD0AADF00F2D445 /* CustomViewController.h */,
				D994C11A1BD0AADF00F2D445 /* CustomViewController.m */,
				D9DC6AEB1BD5695D00AB3DB5 /* webViewController.h */,
				D9DC6AEC1BD5695D00AB3DB5 /* webViewController.m */,
			);
			name = CustomViewController;
			sourceTree = "<group>";
		};
/* End PBXGroup section */

/* Begin PBXNativeTarget section */
		D994C0F51BD0A36D00F2D445 /* TeamTreeBooks */ = {
			isa = PBXNativeTarget;
			buildConfigurationList = D994C10D1BD0A36D00F2D445 /* Build configuration list for PBXNativeTarget "TeamTreeBooks" */;
			buildPhases = (
				D994C0F21BD0A36D00F2D445 /* Sources */,
				D994C0F31BD0A36D00F2D445 /* Frameworks */,
				D994C0F41BD0A36D00F2D445 /* Resources */,
			);
			buildRules = (
			);
			dependencies = (
			);
			name = TeamTreeBooks;
			productName = TeamTreeBooks;
			productReference = D994C0F61BD0A36D00F2D445 /* TeamTreeBooks.app */;
			productType = "com.apple.product-type.application";
		};
/* End PBXNativeTarget section */

/* Begin PBXProject section */
		D994C0EE1BD0A36D00F2D445 /* Project object */ = {
			isa = PBXProject;
			attributes = {
				LastUpgradeCheck = 0700;
				ORGANIZATIONNAME = Remotetiger;
				TargetAttributes = {
					D994C0F51BD0A36D00F2D445 = {
						CreatedOnToolsVersion = 7.0.1;
					};
				};
			};
			buildConfigurationList = D994C0F11BD0A36D00F2D445 /* Build configuration list for PBXProject "TeamTreeBooks" */;
			compatibilityVersion = "Xcode 3.2";
			developmentRegion = English;
			hasScannedForEncodings = 0;
			knownRegions = (
				en,
				Base,
			);
			mainGroup = D994C0ED1BD0A36D00F2D445;
			productRefGroup = D994C0F71BD0A36D00F2D445 /* Products */;
			projectDirPath = "";
			projectRoot = "";
			targets = (
				D994C0F51BD0A36D00F2D445 /* TeamTreeBooks */,
			);
		};
/* End PBXProject section */

/* Begin PBXResourcesBuildPhase section */
		D994C0F41BD0A36D00F2D445 /* Resources */ = {
			isa = PBXResourcesBuildPhase;
			buildActionMask = 2147483647;
			files = (
				D994C1091BD0A36D00F2D445 /* LaunchScreen.storyboard in Resources */,
				D994C1061BD0A36D00F2D445 /* Assets.xcassets in Resources */,
				D994C1041BD0A36D00F2D445 /* Main.storyboard in Resources */,
			);
			runOnlyForDeploymentPostprocessing = 0;
		};
/* End PBXResourcesBuildPhase section */

/* Begin PBXSourcesBuildPhase section */
		D994C0F21BD0A36D00F2D445 /* Sources */ = {
			isa = PBXSourcesBuildPhase;
			buildActionMask = 2147483647;
			files = (
				D994C1151BD0A51900F2D445 /* booksTableViewCell.m in Sources */,
				D994C11B1BD0AADF00F2D445 /* CustomViewController.m in Sources */,
				D994C0FE1BD0A36D00F2D445 /* AppDelegate.m in Sources */,
				D9DC6AED1BD5695D00AB3DB5 /* webViewController.m in Sources */,
				D994C0FB1BD0A36D00F2D445 /* main.m in Sources */,
				D994C1121BD0A3FB00F2D445 /* FirstTableViewController.m in Sources */,
			);
			runOnlyForDeploymentPostprocessing = 0;
		};
/* End PBXSourcesBuildPhase section */

/* Begin PBXVariantGroup section */
		D994C1021BD0A36D00F2D445 /* Main.storyboard */ = {
			isa = PBXVariantGroup;
			children = (
				D994C1031BD0A36D00F2D445 /* Base */,
			);
			name = Main.storyboard;
			sourceTree = "<group>";
		};
		D994C1071BD0A36D00F2D445 /* LaunchScreen.storyboard */ = {
			isa = PBXVariantGroup;
			children = (
				D994C1081BD0A36D00F2D445 /* Base */,
			);
			name = LaunchScreen.storyboard;
			sourceTree = "<group>";
		};
/* End PBXVariantGroup section */

/* Begin XCBuildConfiguration section */
		D994C10B1BD0A36D00F2D445 /* Debug */ = {
			isa = XCBuildConfiguration;
			buildSettings = {
				ALWAYS_SEARCH_USER_PATHS = NO;
				CLANG_CXX_LANGUAGE_STANDARD = "gnu++0x";
				CLANG_CXX_LIBRARY = "libc++";
				CLANG_ENABLE_MODULES = YES;
				CLANG_ENABLE_OBJC_ARC = YES;
				CLANG_WARN_BOOL_CONVERSION = YES;
				CLANG_WARN_CONSTANT_CONVERSION = YES;
				CLANG_WARN_DIRECT_OBJC_ISA_USAGE = YES_ERROR;
				CLANG_WARN_EMPTY_BODY = YES;
				CLANG_WARN_ENUM_CONVERSION = YES;
				CLANG_WARN_INT_CONVERSION = YES;
				CLANG_WARN_OBJC_ROOT_CLASS = YES_ERROR;
				CLANG_WARN_UNREACHABLE_CODE = YES;
				CLANG_WARN__DUPLICATE_METHOD_MATCH = YES;
				"CODE_SIGN_IDENTITY[sdk=iphoneos*]" = "iPhone Developer";
				COPY_PHASE_STRIP = NO;
				DEBUG_INFORMATION_FORMAT = dwarf;
				ENABLE_STRICT_OBJC_MSGSEND = YES;
				ENABLE_TESTABILITY = YES;
				GCC_C_LANGUAGE_STANDARD = gnu99;
				GCC_DYNAMIC_NO_PIC = NO;
				GCC_NO_COMMON_BLOCKS = YES;
				GCC_OPTIMIZATION_LEVEL = 0;
				GCC_PREPROCESSOR_DEFINITIONS = (
					"DEBUG=1",
					"$(inherited)",
				);
				GCC_WARN_64_TO_32_BIT_CONVERSION = YES;
				GCC_WARN_ABOUT_RETURN_TYPE = YES_ERROR;
				GCC_WARN_UNDECLARED_SELECTOR = YES;
				GCC_WARN_UNINITIALIZED_AUTOS = YES_AGGRESSIVE;
				GCC_WARN_UNUSED_FUNCTION = YES;
				GCC_WARN_UNUSED_VARIABLE = YES;
				IPHONEOS_DEPLOYMENT_TARGET = 9.0;
				MTL_ENABLE_DEBUG_INFO = YES;
				ONLY_ACTIVE_ARCH = YES;
				SDKROOT = iphoneos;
				TARGETED_DEVICE_FAMILY = "1,2";
			};
			name = Debug;
		};
		D994C10C1BD0A36D00F2D445 /* Release */ = {
			isa = XCBuildConfiguration;
			buildSettings = {
				ALWAYS_SEARCH_USER_PATHS = NO;
				CLANG_CXX_LANGUAGE_STANDARD = "gnu++0x";
				CLANG_CXX_LIBRARY = "libc++";
				CLANG_ENABLE_MODULES = YES;
				CLANG_ENABLE_OBJC_ARC = YES;
				CLANG_WARN_BOOL_CONVERSION = YES;
				CLANG_WARN_CONSTANT_CONVERSION = YES;
				CLANG_WARN_DIRECT_OBJC_ISA_USAGE = YES_ERROR;
				CLANG_WARN_EMPTY_BODY = YES;
				CLANG_WARN_ENUM_CONVERSION = YES;
				CLANG_WARN_INT_CONVERSION = YES;
				CLANG_WARN_OBJC_ROOT_CLASS = YES_ERROR;
				CLANG_WARN_UNREACHABLE_CODE = YES;
				CLANG_WARN__DUPLICATE_METHOD_MATCH = YES;
				"CODE_SIGN_IDENTITY[sdk=iphoneos*]" = "iPhone Developer";
				COPY_PHASE_STRIP = NO;
				DEBUG_INFORMATION_FORMAT = "dwarf-with-dsym";
				ENABLE_NS_ASSERTIONS = NO;
				ENABLE_STRICT_OBJC_MSGSEND = YES;
				GCC_C_LANGUAGE_STANDARD = gnu99;
				GCC_NO_COMMON_BLOCKS = YES;
				GCC_WARN_64_TO_32_BIT_CONVERSION = YES;
				GCC_WARN_ABOUT_RETURN_TYPE = YES_ERROR;
				GCC_WARN_UNDECLARED_SELECTOR = YES;
				GCC_WARN_UNINITIALIZED_AUTOS = YES_AGGRESSIVE;
				GCC_WARN_UNUSED_FUNCTION = YES;
				GCC_WARN_UNUSED_VARIABLE = YES;
				IPHONEOS_DEPLOYMENT_TARGET = 9.0;
				MTL_ENABLE_DEBUG_INFO = NO;
				SDKROOT = iphoneos;
				TARGETED_DEVICE_FAMILY = "1,2";
				VALIDATE_PRODUCT = YES;
			};
			name = Release;
		};
		D994C10E1BD0A36D00F2D445 /* Debug */ = {
			isa = XCBuildConfiguration;
			buildSettings = {
				ASSETCATALOG_COMPILER_APPICON_NAME = AppIcon;
				INFOPLIST_FILE = TeamTreeBooks/Info.plist;
				LD_RUNPATH_SEARCH_PATHS = "$(inherited) @executable_path/Frameworks";
				PRODUCT_BUNDLE_IDENTIFIER = dheeru.TeamTreeBooks;
				PRODUCT_NAME = "$(TARGET_NAME)";
			};
			name = Debug;
		};
		D994C10F1BD0A36D00F2D445 /* Release */ = {
			isa = XCBuildConfiguration;
			buildSettings = {
				ASSETCATALOG_COMPILER_APPICON_NAME = AppIcon;
				INFOPLIST_FILE = TeamTreeBooks/Info.plist;
				LD_RUNPATH_SEARCH_PATHS = "$(inherited) @executable_path/Frameworks";
				PRODUCT_BUNDLE_IDENTIFIER = dheeru.TeamTreeBooks;
				PRODUCT_NAME = "$(TARGET_NAME)";
			};
			name = Release;
		};
/* End XCBuildConfiguration section */

/* Begin XCConfigurationList section */
		D994C0F11BD0A36D00F2D445 /* Build configuration list for PBXProject "TeamTreeBooks" */ = {
			isa = XCConfigurationList;
			buildConfigurations = (
				D994C10B1BD0A36D00F2D445 /* Debug */,
				D994C10C1BD0A36D00F2D445 /* Release */,
			);
			defaultConfigurationIsVisible = 0;
			defaultConfigurationName = Release;
		};
		D994C10D1BD0A36D00F2D445 /* Build configuration list for PBXNativeTarget "TeamTreeBooks" */ = {
			isa = XCConfigurationList;
			buildConfigurations = (
				D994C10E1BD0A36D00F2D445 /* Debug */,
				D994C10F1BD0A36D00F2D445 /* Release */,
			);
			defaultConfigurationIsVisible = 0;
			defaultConfigurationName = Release;
		};
/* End XCConfigurationList section */
	};
	rootObject = D994C0EE1BD0A36D00F2D445 /* Project object */;
}
